
Microsoft Visual Studio Solution File, Format Version 12.00
# Visual Studio Version 17
VisualStudioVersion = 17.10.34928.147
MinimumVisualStudioVersion = 10.0.40219.1
Project("{2150E333-8FDC-42A3-9474-1A3956D46DE8}") = "Games", "Games", "{18C9BB8A-B3A7-446A-9A59-B4C9C8AEA082}"
EndProject
Project("{2150E333-8FDC-42A3-9474-1A3956D46DE8}") = "Users", "Users", "{349FA2F1-82DF-405D-BDC7-FEF58095E851}"
EndProject
Project("{9A19103F-16F7-4668-BE54-9A1E7A4F7556}") = "Games.Domain", "Games\Games.Domain\Games.Domain.csproj", "{06EAC1F6-6A1B-4DCA-9545-99B56DE56A3B}"
EndProject
Project("{9A19103F-16F7-4668-BE54-9A1E7A4F7556}") = "Users.Domain", "Users\Users.Domain\Users.Domain.csproj", "{E1E53F09-9051-49E7-A2B2-74A5F8A39D73}"
EndProject
Project("{2150E333-8FDC-42A3-9474-1A3956D46DE8}") = "General", "General", "{43B86EA1-275A-4B80-9CB0-BD0E446A4146}"
EndProject
Project("{9A19103F-16F7-4668-BE54-9A1E7A4F7556}") = "Games.Persistence", "Games\Games.Persistence\Games.Persistence.csproj", "{77F8BF8B-0821-46C3-A34B-8F08D1864098}"
EndProject
Project("{9A19103F-16F7-4668-BE54-9A1E7A4F7556}") = "General.Domain", "General\General.Domain\General.Domain.csproj", "{119E0FC1-4515-4B01-8CBD-444D67471540}"
EndProject
Project("{9A19103F-16F7-4668-BE54-9A1E7A4F7556}") = "General.Persistence", "General\General.Persistence\General.Persistence\General.Persistence.csproj", "{8939E36B-48F7-47DF-95B2-A7D74FB6708C}"
EndProject
Project("{9A19103F-16F7-4668-BE54-9A1E7A4F7556}") = "Games.Application", "Games\Games.Application\Games.Application.csproj", "{F7DA8B21-958E-488F-B3D3-DB424CB2C3C7}"
EndProject
Project("{9A19103F-16F7-4668-BE54-9A1E7A4F7556}") = "Games.API", "Games\Games.API\Games.API.csproj", "{3CE1A7F1-20E4-46C0-B3FF-4320D576CC59}"
EndProject
Project("{9A19103F-16F7-4668-BE54-9A1E7A4F7556}") = "General.API", "General\General.API\General.API.csproj", "{CCF4D3CC-D3AE-44C5-AF04-E3447893CA06}"
EndProject
Project("{E53339B2-1760-4266-BCC7-CA923CBCF16C}") = "docker-compose", "docker-compose.dcproj", "{05CC7459-2BFC-4923-9541-8096CEBB901B}"
EndProject
Project("{FAE04EC0-301F-11D3-BF4B-00C04F79EFBC}") = "Games.Contracts", "Games\Games.Contracts\Games.Contracts.csproj", "{E4253ED5-CEA4-4CEF-86E6-19F1CE064E26}"
EndProject
Project("{FAE04EC0-301F-11D3-BF4B-00C04F79EFBC}") = "General.Contracts", "General\General.Contracts\General.Contracts.csproj", "{E0F4A7A3-D900-4A06-B99A-DC0026033C9E}"
EndProject
Global
	GlobalSection(SolutionConfigurationPlatforms) = preSolution
		Debug|Any CPU = Debug|Any CPU
		Release|Any CPU = Release|Any CPU
	EndGlobalSection
	GlobalSection(ProjectConfigurationPlatforms) = postSolution
		{06EAC1F6-6A1B-4DCA-9545-99B56DE56A3B}.Debug|Any CPU.ActiveCfg = Debug|Any CPU
		{06EAC1F6-6A1B-4DCA-9545-99B56DE56A3B}.Debug|Any CPU.Build.0 = Debug|Any CPU
		{06EAC1F6-6A1B-4DCA-9545-99B56DE56A3B}.Release|Any CPU.ActiveCfg = Release|Any CPU
		{06EAC1F6-6A1B-4DCA-9545-99B56DE56A3B}.Release|Any CPU.Build.0 = Release|Any CPU
		{E1E53F09-9051-49E7-A2B2-74A5F8A39D73}.Debug|Any CPU.ActiveCfg = Debug|Any CPU
		{E1E53F09-9051-49E7-A2B2-74A5F8A39D73}.Debug|Any CPU.Build.0 = Debug|Any CPU
		{E1E53F09-9051-49E7-A2B2-74A5F8A39D73}.Release|Any CPU.ActiveCfg = Release|Any CPU
		{E1E53F09-9051-49E7-A2B2-74A5F8A39D73}.Release|Any CPU.Build.0 = Release|Any CPU
		{77F8BF8B-0821-46C3-A34B-8F08D1864098}.Debug|Any CPU.ActiveCfg = Debug|Any CPU
		{77F8BF8B-0821-46C3-A34B-8F08D1864098}.Debug|Any CPU.Build.0 = Debug|Any CPU
		{77F8BF8B-0821-46C3-A34B-8F08D1864098}.Release|Any CPU.ActiveCfg = Release|Any CPU
		{77F8BF8B-0821-46C3-A34B-8F08D1864098}.Release|Any CPU.Build.0 = Release|Any CPU
		{119E0FC1-4515-4B01-8CBD-444D67471540}.Debug|Any CPU.ActiveCfg = Debug|Any CPU
		{119E0FC1-4515-4B01-8CBD-444D67471540}.Debug|Any CPU.Build.0 = Debug|Any CPU
		{119E0FC1-4515-4B01-8CBD-444D67471540}.Release|Any CPU.ActiveCfg = Release|Any CPU
		{119E0FC1-4515-4B01-8CBD-444D67471540}.Release|Any CPU.Build.0 = Release|Any CPU
		{8939E36B-48F7-47DF-95B2-A7D74FB6708C}.Debug|Any CPU.ActiveCfg = Debug|Any CPU
		{8939E36B-48F7-47DF-95B2-A7D74FB6708C}.Debug|Any CPU.Build.0 = Debug|Any CPU
		{8939E36B-48F7-47DF-95B2-A7D74FB6708C}.Release|Any CPU.ActiveCfg = Release|Any CPU
		{8939E36B-48F7-47DF-95B2-A7D74FB6708C}.Release|Any CPU.Build.0 = Release|Any CPU
		{F7DA8B21-958E-488F-B3D3-DB424CB2C3C7}.Debug|Any CPU.ActiveCfg = Debug|Any CPU
		{F7DA8B21-958E-488F-B3D3-DB424CB2C3C7}.Debug|Any CPU.Build.0 = Debug|Any CPU
		{F7DA8B21-958E-488F-B3D3-DB424CB2C3C7}.Release|Any CPU.ActiveCfg = Release|Any CPU
		{F7DA8B21-958E-488F-B3D3-DB424CB2C3C7}.Release|Any CPU.Build.0 = Release|Any CPU
		{3CE1A7F1-20E4-46C0-B3FF-4320D576CC59}.Debug|Any CPU.ActiveCfg = Debug|Any CPU
		{3CE1A7F1-20E4-46C0-B3FF-4320D576CC59}.Debug|Any CPU.Build.0 = Debug|Any CPU
		{3CE1A7F1-20E4-46C0-B3FF-4320D576CC59}.Release|Any CPU.ActiveCfg = Release|Any CPU
		{3CE1A7F1-20E4-46C0-B3FF-4320D576CC59}.Release|Any CPU.Build.0 = Release|Any CPU
		{CCF4D3CC-D3AE-44C5-AF04-E3447893CA06}.Debug|Any CPU.ActiveCfg = Debug|Any CPU
		{CCF4D3CC-D3AE-44C5-AF04-E3447893CA06}.Debug|Any CPU.Build.0 = Debug|Any CPU
		{CCF4D3CC-D3AE-44C5-AF04-E3447893CA06}.Release|Any CPU.ActiveCfg = Release|Any CPU
		{CCF4D3CC-D3AE-44C5-AF04-E3447893CA06}.Release|Any CPU.Build.0 = Release|Any CPU
		{05CC7459-2BFC-4923-9541-8096CEBB901B}.Debug|Any CPU.ActiveCfg = Debug|Any CPU
		{05CC7459-2BFC-4923-9541-8096CEBB901B}.Debug|Any CPU.Build.0 = Debug|Any CPU
		{05CC7459-2BFC-4923-9541-8096CEBB901B}.Release|Any CPU.ActiveCfg = Release|Any CPU
		{05CC7459-2BFC-4923-9541-8096CEBB901B}.Release|Any CPU.Build.0 = Release|Any CPU
		{E4253ED5-CEA4-4CEF-86E6-19F1CE064E26}.Debug|Any CPU.ActiveCfg = Debug|Any CPU
		{E4253ED5-CEA4-4CEF-86E6-19F1CE064E26}.Debug|Any CPU.Build.0 = Debug|Any CPU
		{E4253ED5-CEA4-4CEF-86E6-19F1CE064E26}.Release|Any CPU.ActiveCfg = Release|Any CPU
		{E4253ED5-CEA4-4CEF-86E6-19F1CE064E26}.Release|Any CPU.Build.0 = Release|Any CPU
		{E0F4A7A3-D900-4A06-B99A-DC0026033C9E}.Debug|Any CPU.ActiveCfg = Debug|Any CPU
		{E0F4A7A3-D900-4A06-B99A-DC0026033C9E}.Debug|Any CPU.Build.0 = Debug|Any CPU
		{E0F4A7A3-D900-4A06-B99A-DC0026033C9E}.Release|Any CPU.ActiveCfg = Release|Any CPU
		{E0F4A7A3-D900-4A06-B99A-DC0026033C9E}.Release|Any CPU.Build.0 = Release|Any CPU
	EndGlobalSection
	GlobalSection(SolutionProperties) = preSolution
		HideSolutionNode = FALSE
	EndGlobalSection
	GlobalSection(NestedProjects) = preSolution
		{06EAC1F6-6A1B-4DCA-9545-99B56DE56A3B} = {18C9BB8A-B3A7-446A-9A59-B4C9C8AEA082}
		{E1E53F09-9051-49E7-A2B2-74A5F8A39D73} = {349FA2F1-82DF-405D-BDC7-FEF58095E851}
		{77F8BF8B-0821-46C3-A34B-8F08D1864098} = {18C9BB8A-B3A7-446A-9A59-B4C9C8AEA082}
		{119E0FC1-4515-4B01-8CBD-444D67471540} = {43B86EA1-275A-4B80-9CB0-BD0E446A4146}
		{8939E36B-48F7-47DF-95B2-A7D74FB6708C} = {43B86EA1-275A-4B80-9CB0-BD0E446A4146}
		{F7DA8B21-958E-488F-B3D3-DB424CB2C3C7} = {18C9BB8A-B3A7-446A-9A59-B4C9C8AEA082}
		{3CE1A7F1-20E4-46C0-B3FF-4320D576CC59} = {18C9BB8A-B3A7-446A-9A59-B4C9C8AEA082}
		{CCF4D3CC-D3AE-44C5-AF04-E3447893CA06} = {43B86EA1-275A-4B80-9CB0-BD0E446A4146}
		{E4253ED5-CEA4-4CEF-86E6-19F1CE064E26} = {18C9BB8A-B3A7-446A-9A59-B4C9C8AEA082}
		{E0F4A7A3-D900-4A06-B99A-DC0026033C9E} = {43B86EA1-275A-4B80-9CB0-BD0E446A4146}
	EndGlobalSection
	GlobalSection(ExtensibilityGlobals) = postSolution
		SolutionGuid = {ED1C60AE-8362-4508-89EE-FF8389B5C8E4}
	EndGlobalSection
EndGlobal
